
Microsoft Visual Studio Solution File, Format Version 12.00
# Visual Studio Version 16
VisualStudioVersion = 16.0.30611.23
MinimumVisualStudioVersion = 10.0.40219.1
Project("{FAE04EC0-301F-11D3-BF4B-00C04F79EFBC}") = "UnderstandingNumericTypeConversion", "UnderstandingNumericTypeConversion\UnderstandingNumericTypeConversion.csproj", "{38674F19-9785-4350-B2B1-B0BE4244F1CF}"
EndProject
Global
	GlobalSection(SolutionConfigurationPlatforms) = preSolution
		Debug|Any CPU = Debug|Any CPU
		Release|Any CPU = Release|Any CPU
	EndGlobalSection
	GlobalSection(ProjectConfigurationPlatforms) = postSolution
		{38674F19-9785-4350-B2B1-B0BE4244F1CF}.Debug|Any CPU.ActiveCfg = Debug|Any CPU
		{38674F19-9785-4350-B2B1-B0BE4244F1CF}.Debug|Any CPU.Build.0 = Debug|Any CPU
		{38674F19-9785-4350-B2B1-B0BE4244F1CF}.Release|Any CPU.ActiveCfg = Release|Any CPU
		{38674F19-9785-4350-B2B1-B0BE4244F1CF}.Release|Any CPU.Build.0 = Release|Any CPU
	EndGlobalSection
	GlobalSection(SolutionProperties) = preSolution
		HideSolutionNode = FALSE
	EndGlobalSection
	GlobalSection(ExtensibilityGlobals) = postSolution
		SolutionGuid = {E9041AF4-9078-40F2-915F-E9FCF0C33788}
	EndGlobalSection
EndGlobal
